{
  "lockfile_version": "1",
  "packages": {
    "claude-code@latest": {
      "last_modified": "2026-06-14T16:21:05Z",
      "resolved": "github:NixOS/nixpkgs/9eac87a12312b8f60dd52e1c6e1a265f6fc7f5fc#claude-code",
      "source": "devbox-search",
      "version": "2.1.177",
      "systems": {
        "aarch64-darwin": {
          "outputs": [
            {
              "name": "out",
              "path": "/nix/store/yj3ivk803nib0jxn4ip99rp5pxihhib6-claude-code-2.1.177",
              "default": true
            }
          ],
          "store_path": "/nix/store/yj3ivk803nib0jxn4ip99rp5pxihhib6-claude-code-2.1.177"
        },
        "aarch64-linux": {
          "outputs": [
            {
              "name": "out",
              "path": "/nix/store/jyn64sa04326g64l3n119l8cyxc31pqs-claude-code-2.1.177",
              "default": true
            }
          ],
          "store_path": "/nix/store/jyn64sa04326g64l3n119l8cyxc31pqs-claude-code-2.1.177"
        },
        "x86_64-darwin": {
          "outputs": [
            {
              "name": "out",
              "path": "/nix/store/and9fpg7drh4iwqs6vl4iqhrqlhq2sap-claude-code-2.1.177",
              "default": true
            }
          ],
          "store_path": "/nix/store/and9fpg7drh4iwqs6vl4iqhrqlhq2sap-claude-code-2.1.177"
        },
        "x86_64-linux": {
          "outputs": [
            {
              "name": "out",
              "path": "/nix/store/l77h98crmjn77dgnz9r7i0xrkxf8m4kq-claude-code-2.1.177",
              "default": true
            }
          ],
          "store_path": "/nix/store/l77h98crmjn77dgnz9r7i0xrkxf8m4kq-claude-code-2.1.177"
        }
      }
    },
    "github:NixOS/nixpkgs/nixpkgs-unstable": {
      "last_modified": "2026-06-08T15:01:26Z",
      "resolved": "github:NixOS/nixpkgs/8c3cede7ddc26bd659d2d383b5610efbd2c7a16e?lastModified=1780930886&narHash=sha256-rppURzHviaQN131F%2BnLiLdGfcb0uCd9gGP0E5%2Biw9MI%3D"
    }
  }
}
